
Microsoft Visual Studio Solution File, Format Version 11.00
# Visual Studio 2010
# SharpDevelop 4.4
Project("{FD48973F-F585-4F70-812B-4D0503B36CE9}") = "helloilikemoney", "helloilikemoney\helloilikemoney.pyproj", "{40DC0156-61E8-4CAA-8410-AF7038DED37C}"
EndProject
Global
	GlobalSection(SolutionConfigurationPlatforms) = preSolution
		Debug|Any CPU = Debug|Any CPU
		Release|Any CPU = Release|Any CPU
	EndGlobalSection
	GlobalSection(ProjectConfigurationPlatforms) = postSolution
		{40DC0156-61E8-4CAA-8410-AF7038DED37C}.Debug|Any CPU.Build.0 = Debug|Any CPU
		{40DC0156-61E8-4CAA-8410-AF7038DED37C}.Debug|Any CPU.ActiveCfg = Debug|Any CPU
		{40DC0156-61E8-4CAA-8410-AF7038DED37C}.Release|Any CPU.Build.0 = Release|Any CPU
		{40DC0156-61E8-4CAA-8410-AF7038DED37C}.Release|Any CPU.ActiveCfg = Release|Any CPU
	EndGlobalSection
EndGlobal
