
Microsoft Visual Studio Solution File, Format Version 11.00
# Visual Studio 2010
# SharpDevelop 4.4
Project("{BD8E9625-815A-4BDB-B228-5D4F9C2541A1}") = "schedule", "schedule\schedule.rbproj", "{DE3BD2E9-4A61-4BCE-B317-F4E993B9F412}"
EndProject
Global
	GlobalSection(SolutionConfigurationPlatforms) = preSolution
		Debug|Any CPU = Debug|Any CPU
		Release|Any CPU = Release|Any CPU
	EndGlobalSection
	GlobalSection(ProjectConfigurationPlatforms) = postSolution
		{DE3BD2E9-4A61-4BCE-B317-F4E993B9F412}.Debug|Any CPU.Build.0 = Debug|Any CPU
		{DE3BD2E9-4A61-4BCE-B317-F4E993B9F412}.Debug|Any CPU.ActiveCfg = Debug|Any CPU
		{DE3BD2E9-4A61-4BCE-B317-F4E993B9F412}.Release|Any CPU.Build.0 = Release|Any CPU
		{DE3BD2E9-4A61-4BCE-B317-F4E993B9F412}.Release|Any CPU.ActiveCfg = Release|Any CPU
	EndGlobalSection
EndGlobal
