
Microsoft Visual Studio Solution File, Format Version 11.00
# Visual Studio 2010
# SharpDevelop 4.4
Project("{FD48973F-F585-4F70-812B-4D0503B36CE9}") = "newslot", "newslot\newslot.pyproj", "{B8F161D4-F4BE-4974-B1B0-A215782603AF}"
EndProject
Global
	GlobalSection(SolutionConfigurationPlatforms) = preSolution
		Debug|Any CPU = Debug|Any CPU
		Release|Any CPU = Release|Any CPU
	EndGlobalSection
	GlobalSection(ProjectConfigurationPlatforms) = postSolution
		{B8F161D4-F4BE-4974-B1B0-A215782603AF}.Debug|Any CPU.Build.0 = Debug|Any CPU
		{B8F161D4-F4BE-4974-B1B0-A215782603AF}.Debug|Any CPU.ActiveCfg = Debug|Any CPU
		{B8F161D4-F4BE-4974-B1B0-A215782603AF}.Release|Any CPU.Build.0 = Release|Any CPU
		{B8F161D4-F4BE-4974-B1B0-A215782603AF}.Release|Any CPU.ActiveCfg = Release|Any CPU
	EndGlobalSection
EndGlobal
