
Microsoft Visual Studio Solution File, Format Version 11.00
# Visual Studio 2010
# SharpDevelop 4.4
Project("{FD48973F-F585-4F70-812B-4D0503B36CE9}") = "prog54a", "prog54a\prog54a.pyproj", "{D3C6AD51-FD38-4749-B7DC-EBE08881B288}"
EndProject
Global
	GlobalSection(SolutionConfigurationPlatforms) = preSolution
		Debug|Any CPU = Debug|Any CPU
		Release|Any CPU = Release|Any CPU
	EndGlobalSection
	GlobalSection(ProjectConfigurationPlatforms) = postSolution
		{D3C6AD51-FD38-4749-B7DC-EBE08881B288}.Debug|Any CPU.Build.0 = Debug|Any CPU
		{D3C6AD51-FD38-4749-B7DC-EBE08881B288}.Debug|Any CPU.ActiveCfg = Debug|Any CPU
		{D3C6AD51-FD38-4749-B7DC-EBE08881B288}.Release|Any CPU.Build.0 = Release|Any CPU
		{D3C6AD51-FD38-4749-B7DC-EBE08881B288}.Release|Any CPU.ActiveCfg = Release|Any CPU
	EndGlobalSection
EndGlobal
