
Microsoft Visual Studio Solution File, Format Version 11.00
# Visual Studio 2010
# SharpDevelop 4.4
Project("{FD48973F-F585-4F70-812B-4D0503B36CE9}") = "commision2", "commision2\commision2.pyproj", "{F5349119-3D94-449B-B4AD-8CA1CD1747DB}"
EndProject
Global
	GlobalSection(SolutionConfigurationPlatforms) = preSolution
		Debug|Any CPU = Debug|Any CPU
		Release|Any CPU = Release|Any CPU
	EndGlobalSection
	GlobalSection(ProjectConfigurationPlatforms) = postSolution
		{F5349119-3D94-449B-B4AD-8CA1CD1747DB}.Debug|Any CPU.Build.0 = Debug|Any CPU
		{F5349119-3D94-449B-B4AD-8CA1CD1747DB}.Debug|Any CPU.ActiveCfg = Debug|Any CPU
		{F5349119-3D94-449B-B4AD-8CA1CD1747DB}.Release|Any CPU.Build.0 = Release|Any CPU
		{F5349119-3D94-449B-B4AD-8CA1CD1747DB}.Release|Any CPU.ActiveCfg = Release|Any CPU
	EndGlobalSection
EndGlobal
