
Microsoft Visual Studio Solution File, Format Version 11.00
# Visual Studio 2010
# SharpDevelop 4.4
Project("{BD8E9625-815A-4BDB-B228-5D4F9C2541A1}") = "the90scalledtheywanttherephonenumbersback", "the90scalledtheywanttherephonenumbersback\the90scalledtheywanttherephonenumbersback.rbproj", "{9E27952F-319E-42A1-99AF-17C59D8F06F8}"
EndProject
Global
	GlobalSection(SolutionConfigurationPlatforms) = preSolution
		Debug|Any CPU = Debug|Any CPU
		Release|Any CPU = Release|Any CPU
	EndGlobalSection
	GlobalSection(ProjectConfigurationPlatforms) = postSolution
		{9E27952F-319E-42A1-99AF-17C59D8F06F8}.Debug|Any CPU.Build.0 = Debug|Any CPU
		{9E27952F-319E-42A1-99AF-17C59D8F06F8}.Debug|Any CPU.ActiveCfg = Debug|Any CPU
		{9E27952F-319E-42A1-99AF-17C59D8F06F8}.Release|Any CPU.Build.0 = Release|Any CPU
		{9E27952F-319E-42A1-99AF-17C59D8F06F8}.Release|Any CPU.ActiveCfg = Release|Any CPU
	EndGlobalSection
EndGlobal
