
Microsoft Visual Studio Solution File, Format Version 11.00
# Visual Studio 2010
# SharpDevelop 4.4
Project("{FD48973F-F585-4F70-812B-4D0503B36CE9}") = "seats", "seats\seats.pyproj", "{1F0717C4-35F6-487D-B97F-EDC088BB3E70}"
EndProject
Global
	GlobalSection(SolutionConfigurationPlatforms) = preSolution
		Debug|Any CPU = Debug|Any CPU
		Release|Any CPU = Release|Any CPU
	EndGlobalSection
	GlobalSection(ProjectConfigurationPlatforms) = postSolution
		{1F0717C4-35F6-487D-B97F-EDC088BB3E70}.Debug|Any CPU.Build.0 = Debug|Any CPU
		{1F0717C4-35F6-487D-B97F-EDC088BB3E70}.Debug|Any CPU.ActiveCfg = Debug|Any CPU
		{1F0717C4-35F6-487D-B97F-EDC088BB3E70}.Release|Any CPU.Build.0 = Release|Any CPU
		{1F0717C4-35F6-487D-B97F-EDC088BB3E70}.Release|Any CPU.ActiveCfg = Release|Any CPU
	EndGlobalSection
EndGlobal
