
Microsoft Visual Studio Solution File, Format Version 11.00
# Visual Studio 2010
# SharpDevelop 4.4
Project("{FD48973F-F585-4F70-812B-4D0503B36CE9}") = "calcualter", "calcualter\calcualter.pyproj", "{07C1A3E9-048C-40C2-992B-5122F2182643}"
EndProject
Global
	GlobalSection(SolutionConfigurationPlatforms) = preSolution
		Debug|Any CPU = Debug|Any CPU
		Release|Any CPU = Release|Any CPU
	EndGlobalSection
	GlobalSection(ProjectConfigurationPlatforms) = postSolution
		{07C1A3E9-048C-40C2-992B-5122F2182643}.Debug|Any CPU.Build.0 = Debug|Any CPU
		{07C1A3E9-048C-40C2-992B-5122F2182643}.Debug|Any CPU.ActiveCfg = Debug|Any CPU
		{07C1A3E9-048C-40C2-992B-5122F2182643}.Release|Any CPU.Build.0 = Release|Any CPU
		{07C1A3E9-048C-40C2-992B-5122F2182643}.Release|Any CPU.ActiveCfg = Release|Any CPU
	EndGlobalSection
EndGlobal
