
Microsoft Visual Studio Solution File, Format Version 11.00
# Visual Studio 2010
# SharpDevelop 4.4
Project("{FD48973F-F585-4F70-812B-4D0503B36CE9}") = "zap3", "zap3\zap3.pyproj", "{4405194E-08B8-40A8-887B-E094AF3FE88A}"
EndProject
Global
	GlobalSection(SolutionConfigurationPlatforms) = preSolution
		Debug|Any CPU = Debug|Any CPU
		Release|Any CPU = Release|Any CPU
	EndGlobalSection
	GlobalSection(ProjectConfigurationPlatforms) = postSolution
		{4405194E-08B8-40A8-887B-E094AF3FE88A}.Debug|Any CPU.Build.0 = Debug|Any CPU
		{4405194E-08B8-40A8-887B-E094AF3FE88A}.Debug|Any CPU.ActiveCfg = Debug|Any CPU
		{4405194E-08B8-40A8-887B-E094AF3FE88A}.Release|Any CPU.Build.0 = Release|Any CPU
		{4405194E-08B8-40A8-887B-E094AF3FE88A}.Release|Any CPU.ActiveCfg = Release|Any CPU
	EndGlobalSection
EndGlobal
