
Microsoft Visual Studio Solution File, Format Version 11.00
# Visual Studio 2010
# SharpDevelop 4.4
Project("{FD48973F-F585-4F70-812B-4D0503B36CE9}") = "commision", "commision\commision.pyproj", "{A71B6395-0DF2-4B50-908B-A64219152834}"
EndProject
Global
	GlobalSection(SolutionConfigurationPlatforms) = preSolution
		Debug|Any CPU = Debug|Any CPU
		Release|Any CPU = Release|Any CPU
	EndGlobalSection
	GlobalSection(ProjectConfigurationPlatforms) = postSolution
		{A71B6395-0DF2-4B50-908B-A64219152834}.Debug|Any CPU.Build.0 = Debug|Any CPU
		{A71B6395-0DF2-4B50-908B-A64219152834}.Debug|Any CPU.ActiveCfg = Debug|Any CPU
		{A71B6395-0DF2-4B50-908B-A64219152834}.Release|Any CPU.Build.0 = Release|Any CPU
		{A71B6395-0DF2-4B50-908B-A64219152834}.Release|Any CPU.ActiveCfg = Release|Any CPU
	EndGlobalSection
EndGlobal
