
Microsoft Visual Studio Solution File, Format Version 11.00
# Visual Studio 2010
# SharpDevelop 4.4
Project("{FD48973F-F585-4F70-812B-4D0503B36CE9}") = "thefinalpie", "thefinalpie\thefinalpie.pyproj", "{6A558F38-1447-45E6-976B-EE66C7B4E68D}"
EndProject
Global
	GlobalSection(SolutionConfigurationPlatforms) = preSolution
		Debug|Any CPU = Debug|Any CPU
		Release|Any CPU = Release|Any CPU
	EndGlobalSection
	GlobalSection(ProjectConfigurationPlatforms) = postSolution
		{6A558F38-1447-45E6-976B-EE66C7B4E68D}.Debug|Any CPU.Build.0 = Debug|Any CPU
		{6A558F38-1447-45E6-976B-EE66C7B4E68D}.Debug|Any CPU.ActiveCfg = Debug|Any CPU
		{6A558F38-1447-45E6-976B-EE66C7B4E68D}.Release|Any CPU.Build.0 = Release|Any CPU
		{6A558F38-1447-45E6-976B-EE66C7B4E68D}.Release|Any CPU.ActiveCfg = Release|Any CPU
	EndGlobalSection
EndGlobal
