
Microsoft Visual Studio Solution File, Format Version 11.00
# Visual Studio 2010
# SharpDevelop 4.4
Project("{BD8E9625-815A-4BDB-B228-5D4F9C2541A1}") = "name2", "name2\name2.rbproj", "{566AF8DF-7D00-4A53-B936-74FFC67EAEDF}"
EndProject
Global
	GlobalSection(SolutionConfigurationPlatforms) = preSolution
		Debug|Any CPU = Debug|Any CPU
		Release|Any CPU = Release|Any CPU
	EndGlobalSection
	GlobalSection(ProjectConfigurationPlatforms) = postSolution
		{566AF8DF-7D00-4A53-B936-74FFC67EAEDF}.Debug|Any CPU.Build.0 = Debug|Any CPU
		{566AF8DF-7D00-4A53-B936-74FFC67EAEDF}.Debug|Any CPU.ActiveCfg = Debug|Any CPU
		{566AF8DF-7D00-4A53-B936-74FFC67EAEDF}.Release|Any CPU.Build.0 = Release|Any CPU
		{566AF8DF-7D00-4A53-B936-74FFC67EAEDF}.Release|Any CPU.ActiveCfg = Release|Any CPU
	EndGlobalSection
EndGlobal
