
Microsoft Visual Studio Solution File, Format Version 11.00
# Visual Studio 2010
# SharpDevelop 4.4
Project("{FD48973F-F585-4F70-812B-4D0503B36CE9}") = "race", "race\race.pyproj", "{F2DF706A-470F-4688-B2D9-88295ED4DBAA}"
EndProject
Global
	GlobalSection(SolutionConfigurationPlatforms) = preSolution
		Debug|Any CPU = Debug|Any CPU
		Release|Any CPU = Release|Any CPU
	EndGlobalSection
	GlobalSection(ProjectConfigurationPlatforms) = postSolution
		{F2DF706A-470F-4688-B2D9-88295ED4DBAA}.Debug|Any CPU.Build.0 = Debug|Any CPU
		{F2DF706A-470F-4688-B2D9-88295ED4DBAA}.Debug|Any CPU.ActiveCfg = Debug|Any CPU
		{F2DF706A-470F-4688-B2D9-88295ED4DBAA}.Release|Any CPU.Build.0 = Release|Any CPU
		{F2DF706A-470F-4688-B2D9-88295ED4DBAA}.Release|Any CPU.ActiveCfg = Release|Any CPU
	EndGlobalSection
EndGlobal
