
Microsoft Visual Studio Solution File, Format Version 11.00
# Visual Studio 2010
# SharpDevelop 4.4
Project("{BD8E9625-815A-4BDB-B228-5D4F9C2541A1}") = "phonenumbersTHISONE", "phonenumbersTHISONE\phonenumbersTHISONE.rbproj", "{0324883C-8337-4C8A-A03D-B27FD2E64896}"
EndProject
Global
	GlobalSection(SolutionConfigurationPlatforms) = preSolution
		Debug|Any CPU = Debug|Any CPU
		Release|Any CPU = Release|Any CPU
	EndGlobalSection
	GlobalSection(ProjectConfigurationPlatforms) = postSolution
		{0324883C-8337-4C8A-A03D-B27FD2E64896}.Debug|Any CPU.Build.0 = Debug|Any CPU
		{0324883C-8337-4C8A-A03D-B27FD2E64896}.Debug|Any CPU.ActiveCfg = Debug|Any CPU
		{0324883C-8337-4C8A-A03D-B27FD2E64896}.Release|Any CPU.Build.0 = Release|Any CPU
		{0324883C-8337-4C8A-A03D-B27FD2E64896}.Release|Any CPU.ActiveCfg = Release|Any CPU
	EndGlobalSection
EndGlobal
